<?xml version="1.0" encoding="utf-8"?>
<Project ToolsVersion="4.0" xmlns="http://schemas.microsoft.com/developer/msbuild/2003">
  <ItemGroup>
    <FxCompile Include="BlurVS.hlsl" />
    <FxCompile Include="BlurPS.hlsl" />
    <FxCompile Include="FBXPS.hlsl" />
    <FxCompile Include="FBXVS.hlsl" />
    <FxCompile Include="PostEffectTestPS.hlsl" />
    <FxCompile Include="PostEffectTestVS.hlsl" />
  </ItemGroup>
  <ItemGroup>
    <ClCompile Include="Audio.cpp" />
    <ClCompile Include="BaseCollider.cpp" />
    <ClCompile Include="BaseScene.cpp" />
    <ClCompile Include="BossEnemy.cpp" />
    <ClCompile Include="FirstBoss.cpp" />
    <ClCompile Include="BossScene1.cpp" />
    <ClCompile Include="Camera.cpp" />
    <ClCompile Include="ClearScene.cpp" />
    <ClCompile Include="Collision.cpp" />
    <ClCompile Include="CollisionManager.cpp" />
    <ClCompile Include="CollisionPrimitive.cpp" />
    <ClCompile Include="DebugCamera.cpp" />
    <ClCompile Include="DebugTxt.cpp" />
    <ClCompile Include="DesertField.cpp" />
    <ClCompile Include="DirectXCommon.cpp" />
    <ClCompile Include="Effects.cpp" />
    <ClCompile Include="Enemy.cpp" />
    <ClCompile Include="Fader.cpp" />
    <ClCompile Include="FbxLoader.cpp" />
    <ClCompile Include="Field.cpp" />
    <ClCompile Include="Framework.cpp" />
    <ClCompile Include="f_Model.cpp" />
    <ClCompile Include="f_Object3d.cpp" />
    <ClCompile Include="GameUI.cpp" />
    <ClCompile Include="Helper.cpp" />
    <ClCompile Include="Item.cpp" />
    <ClCompile Include="Line.cpp" />
    <ClCompile Include="Material.cpp" />
    <ClCompile Include="Mesh.cpp" />
    <ClCompile Include="MeshCollider.cpp" />
    <ClCompile Include="MobEnemy.cpp" />
    <ClCompile Include="MyGame.cpp" />
    <ClCompile Include="Input.cpp" />
    <ClCompile Include="LightGroup.cpp" />
    <ClCompile Include="main.cpp" />
    <ClCompile Include="mEffekseer.cpp" />
    <ClCompile Include="Model.cpp" />
    <ClCompile Include="nTexture.cpp" />
    <ClCompile Include="Object3d.cpp" />
    <ClCompile Include="pEffect.cpp" />
    <ClCompile Include="Player.cpp" />
    <ClCompile Include="PlayScene.cpp" />
    <ClCompile Include="PostEffect.cpp" />
    <ClCompile Include="Scene2.cpp" />
    <ClCompile Include="SceneManager.cpp" />
    <ClCompile Include="SphereCollider.cpp" />
    <ClCompile Include="Sprite.cpp" />
    <ClCompile Include="Texture.cpp" />
    <ClCompile Include="ThronEnemy.cpp" />
    <ClCompile Include="ThrowEnemy.cpp" />
    <ClCompile Include="TitleScene.cpp" />
    <ClCompile Include="TouchableObject.cpp" />
    <ClCompile Include="Tutorial.cpp" />
    <ClCompile Include="TyutorialSprite.cpp" />
    <ClCompile Include="WinApp.cpp" />
    <ClCompile Include="SecondBoss.cpp" />
    <ClCompile Include="FirstBossScene.cpp" />
    <ClCompile Include="SecondBossScene.cpp" />
    <ClCompile Include="GamOver.cpp" />
    <ClCompile Include="StageSelect.cpp" />
    <ClCompile Include="ForestStage1.cpp" />
    <ClCompile Include="BossScene2.cpp" />
    <ClCompile Include="ForestStage2.cpp" />
    <ClCompile Include="ForestBoss.cpp" />
    <ClCompile Include="SeaScene1.cpp" />
    <ClCompile Include="OBBCollision.cpp" />
    <ClCompile Include="BossScene3.cpp" />
  </ItemGroup>
  <ItemGroup>
    <ClInclude Include="Audio.h" />
    <ClInclude Include="BaseCollider.h" />
    <ClInclude Include="BossEnemy.h" />
    <ClInclude Include="FirstBoss.h" />
    <ClInclude Include="BossScene1.h" />
    <ClInclude Include="Camera.h" />
    <ClInclude Include="ClearScene.h" />
    <ClInclude Include="Collision.h" />
    <ClInclude Include="CollisionInfo.h" />
    <ClInclude Include="CollisionManager.h" />
    <ClInclude Include="CollisionPrimitive.h" />
    <ClInclude Include="CollisionTypes.h" />
    <ClInclude Include="DebugCamera.h" />
    <ClInclude Include="DebugTxt.h" />
    <ClInclude Include="DesertField.h" />
    <ClInclude Include="Destroy.h" />
    <ClInclude Include="DirectionalLight.h" />
    <ClInclude Include="DirectXCommon.h" />
    <ClInclude Include="Effects.h" />
    <ClInclude Include="Enemy.h" />
    <ClInclude Include="Fader.h" />
    <ClInclude Include="FbxLoader.h" />
    <ClInclude Include="Field.h" />
    <ClInclude Include="Framework.h" />
    <ClInclude Include="f_Model.h" />
    <ClInclude Include="f_Object3d.h" />
    <ClInclude Include="GameUI.h" />
    <ClInclude Include="Helper.h" />
    <ClInclude Include="Item.h" />
    <ClInclude Include="Line.h" />
    <ClInclude Include="Material.h" />
    <ClInclude Include="Mesh.h" />
    <ClInclude Include="MeshCollider.h" />
    <ClInclude Include="MobEnemy.h" />
    <ClInclude Include="MyGame.h" />
    <ClInclude Include="Input.h" />
    <ClInclude Include="BaseScene.h" />
    <ClInclude Include="LightGroup.h" />
    <ClInclude Include="mEffekseer.h" />
    <ClInclude Include="Model.h" />
    <ClInclude Include="nTexture.h" />
    <ClInclude Include="Object3d.h" />
    <ClInclude Include="pEffect.h" />
    <ClInclude Include="Player.h" />
    <ClInclude Include="PlayScene.h" />
    <ClInclude Include="PointLight.h" />
    <ClInclude Include="PostEffect.h" />
    <ClInclude Include="RaycastHit.h" />
    <ClInclude Include="Scene2.h" />
    <ClInclude Include="SceneManager.h" />
    <ClInclude Include="SphereCollider.h" />
    <ClInclude Include="SpotLight.h" />
    <ClInclude Include="Sprite.h" />
    <ClInclude Include="Texture.h" />
    <ClInclude Include="ThronEnemy.h" />
    <ClInclude Include="ThrowEnemy.h" />
    <ClInclude Include="TitleScene.h" />
    <ClInclude Include="TouchableObject.h" />
    <ClInclude Include="Tutorial.h" />
    <ClInclude Include="TyutorialSprite.h" />
    <ClInclude Include="WinApp.h" />
    <ClInclude Include="SecondBoss.h" />
    <ClInclude Include="FirstBossScene.h" />
    <ClInclude Include="SecondBossScene.h" />
    <ClInclude Include="mHelper.h" />
    <ClInclude Include="GamOver.h" />
    <ClInclude Include="StageSelect.h" />
    <ClInclude Include="ForestStage1.h" />
    <ClInclude Include="BossScene2.h" />
    <ClInclude Include="ForestStage2.h" />
    <ClInclude Include="ForestBoss.h" />
    <ClInclude Include="SeaScene1.h" />
    <ClInclude Include="OBB.h" />
    <ClInclude Include="OBBCollision.h" />
    <ClInclude Include="BossScene3.h" />
  </ItemGroup>
  <ItemGroup>
    <None Include="Blur.hlsli" />
    <None Include="FBX.hlsli" />
    <None Include="PostEffectTest.hlsli" />
  </ItemGroup>
</Project>